
Microsoft Visual Studio Solution File, Format Version 12.00
# Visual Studio Version 16
VisualStudioVersion = 16.0.30204.135
MinimumVisualStudioVersion = 10.0.40219.1
Project("{2150E333-8FDC-42A3-9474-1A3956D46DE8}") = "src", "src", "{AE113A01-0D14-49D7-B017-A7632A8BA5A1}"
EndProject
Project("{2150E333-8FDC-42A3-9474-1A3956D46DE8}") = "test", "test", "{F16DD6D8-24A7-449D-9809-51E16FB14121}"
EndProject
Project("{2150E333-8FDC-42A3-9474-1A3956D46DE8}") = "DocumentService", "DocumentService", "{3DF0F6A2-B8E5-4721-8F7C-914C74CB3B97}"
EndProject
Project("{2150E333-8FDC-42A3-9474-1A3956D46DE8}") = "ProductService", "ProductService", "{78B56B2B-0B05-414F-B8C7-7025B3B33EA0}"
EndProject
Project("{2150E333-8FDC-42A3-9474-1A3956D46DE8}") = "PaymentService", "PaymentService", "{E9DF6DE8-8377-4AB6-BDA8-26C8106B2F45}"
EndProject
Project("{2150E333-8FDC-42A3-9474-1A3956D46DE8}") = "PolicySearchService", "PolicySearchService", "{E962FB73-F79A-4E18-A636-BCCBD3617B80}"
EndProject
Project("{2150E333-8FDC-42A3-9474-1A3956D46DE8}") = "PolicyService", "PolicyService", "{F5BBBB4B-009B-4634-993F-08616B76E667}"
EndProject
Project("{2150E333-8FDC-42A3-9474-1A3956D46DE8}") = "PricingService", "PricingService", "{754F809D-580C-42B1-90DE-46FDDEC9545C}"
EndProject
Project("{2150E333-8FDC-42A3-9474-1A3956D46DE8}") = "ChatService", "ChatService", "{576E45F4-4D7A-4B1E-AB63-8F5BA3D03848}"
EndProject
Project("{2150E333-8FDC-42A3-9474-1A3956D46DE8}") = "AuthenticationService", "AuthenticationService", "{2A28FD3A-0D15-4436-8A60-2FBF315C415E}"
EndProject
Project("{2150E333-8FDC-42A3-9474-1A3956D46DE8}") = "ApiGateway", "ApiGateway", "{080E0494-F82B-45A8-B9FD-E895AADAD9C1}"
EndProject
Project("{9A19103F-16F7-4668-BE54-9A1E7A4F7556}") = "ProductService.API", "ProductService\ProductService.API\ProductService.API.csproj", "{0A8F1FCC-763D-47AC-8B50-DE9B6A9119D2}"
EndProject
Project("{9A19103F-16F7-4668-BE54-9A1E7A4F7556}") = "ProductService.Domain", "ProductService\ProductService.Domain\ProductService.Domain.csproj", "{90B5D4E5-22EC-4942-ACC3-60A423F2A7D2}"
EndProject
Project("{9A19103F-16F7-4668-BE54-9A1E7A4F7556}") = "ProductService.Infrastructure", "ProductService\ProductService.Infrastructure\ProductService.Infrastructure.csproj", "{5D2A3C41-BACC-47E2-9F00-6F734BD303BC}"
EndProject
Project("{9A19103F-16F7-4668-BE54-9A1E7A4F7556}") = "ProductService.Application", "ProductService\ProductService.Application\ProductService.Application.csproj", "{A8478DBD-8602-4112-8E20-CFDCB798D65F}"
EndProject
Project("{9A19103F-16F7-4668-BE54-9A1E7A4F7556}") = "PricingService.Domain", "PricingService\PricingService.Domain\PricingService.Domain.csproj", "{4A52B8B5-7C1F-408C-8197-9E822D7733CB}"
EndProject
Project("{9A19103F-16F7-4668-BE54-9A1E7A4F7556}") = "PricingService.Application", "PricingService\PricingService.Application\PricingService.Application.csproj", "{95734FD5-A188-4284-9DEF-F705EB2E2C6E}"
EndProject
Project("{9A19103F-16F7-4668-BE54-9A1E7A4F7556}") = "PricingService.Infrastrucutre", "PricingService\PricingService.Infrastrucutre\PricingService.Infrastrucutre.csproj", "{0F57C69B-3143-4C16-BD7E-CEBC91B14E70}"
EndProject
Project("{9A19103F-16F7-4668-BE54-9A1E7A4F7556}") = "PricingService.API", "PricingService\PricingService.API\PricingService.API.csproj", "{90BC62F2-4BD1-43A0-8704-F281AD73F669}"
EndProject
Project("{9A19103F-16F7-4668-BE54-9A1E7A4F7556}") = "PolicyService.Domain", "PolicyService\PolicyService.Domain\PolicyService.Domain.csproj", "{9489B129-6A36-49BB-86F5-E33432D366B1}"
EndProject
Project("{9A19103F-16F7-4668-BE54-9A1E7A4F7556}") = "PolicyService.Application", "PolicyService\PolicyService.Application\PolicyService.Application.csproj", "{89F49FFF-1CC5-404D-9D0B-6721D4F427C4}"
EndProject
Project("{9A19103F-16F7-4668-BE54-9A1E7A4F7556}") = "PolicyService.Infrastructure", "PolicyService\PolicyService.Infrastructure\PolicyService.Infrastructure.csproj", "{007FC07E-7E2F-42A6-9263-27C95435FBAF}"
EndProject
Project("{9A19103F-16F7-4668-BE54-9A1E7A4F7556}") = "PolicyService.API", "PolicyService\PolicyService.API\PolicyService.API.csproj", "{96EC6471-132F-48F2-AB79-B3ED1209F19F}"
EndProject
Project("{9A19103F-16F7-4668-BE54-9A1E7A4F7556}") = "PolicySearchService.Domain", "PolicySearchService\PolicySearchService.Domain\PolicySearchService.Domain.csproj", "{26111950-D461-4FCF-A0C5-D3C877CC863B}"
EndProject
Project("{9A19103F-16F7-4668-BE54-9A1E7A4F7556}") = "PolicySearchService.Application", "PolicySearchService\PolicySearchService.Application\PolicySearchService.Application.csproj", "{DFDC267B-46CC-4C7E-AC53-BD4D2C25BC59}"
EndProject
Project("{9A19103F-16F7-4668-BE54-9A1E7A4F7556}") = "PolicySearchService.Infrastructure", "PolicySearchService\PolicySearchService.Infrastructure\PolicySearchService.Infrastructure.csproj", "{2A23ED5F-7E9F-4A15-959D-025DE61BFC8D}"
EndProject
Project("{9A19103F-16F7-4668-BE54-9A1E7A4F7556}") = "PolicySearchService.API", "PolicySearchService\PolicySearchService.API\PolicySearchService.API.csproj", "{676E683F-F96B-4C57-AE1C-B301E6E80475}"
EndProject
Project("{9A19103F-16F7-4668-BE54-9A1E7A4F7556}") = "PaymentService.Domain", "PaymentService\PaymentService.Domain\PaymentService.Domain.csproj", "{7942CC59-2D6E-4BC9-8549-96AA0920B227}"
EndProject
Project("{9A19103F-16F7-4668-BE54-9A1E7A4F7556}") = "PaymentService.Application", "PaymentService\PaymentService.Application\PaymentService.Application.csproj", "{3047206D-C4D3-4C31-BFF6-DDA067B44E98}"
EndProject
Project("{9A19103F-16F7-4668-BE54-9A1E7A4F7556}") = "PaymentService.Infrastructure", "PaymentService\PaymentService.Infrastructure\PaymentService.Infrastructure.csproj", "{FC55822B-633A-4AF7-963E-D6A246FD2CBA}"
EndProject
Project("{9A19103F-16F7-4668-BE54-9A1E7A4F7556}") = "PaymentService.API", "PaymentService\PaymentService.API\PaymentService.API.csproj", "{8C350DC2-E395-4E84-83C5-FB72F2FE2259}"
EndProject
Project("{9A19103F-16F7-4668-BE54-9A1E7A4F7556}") = "Portal.Gateway", "ApiGateway\Portal.Gateway\Portal.Gateway.csproj", "{96B97465-DC3B-4CFC-ADD2-23C3831491B7}"
EndProject
Project("{9A19103F-16F7-4668-BE54-9A1E7A4F7556}") = "AuthenticationService.IDP", "AuthenticationService\AuthenticationService.IDP\AuthenticationService.IDP.csproj", "{7AE748BC-06CD-417F-8D24-9AC4C608AE51}"
EndProject
Project("{2150E333-8FDC-42A3-9474-1A3956D46DE8}") = "Shared", "Shared", "{C00C103E-F8B1-44D3-B72F-5F1EC337AB7B}"
EndProject
Project("{9A19103F-16F7-4668-BE54-9A1E7A4F7556}") = "MicroservicesPOC.Shared.Domain", "Shared\MicroservicesPOC.Shared.Domain\MicroservicesPOC.Shared.Domain.csproj", "{C88B981E-DCD0-466C-8A7C-3B557902E6D9}"
EndProject
Project("{9A19103F-16F7-4668-BE54-9A1E7A4F7556}") = "MicroservicesPOC.Shared.Common", "Shared\MicroservicesPOC.Shared.Common\MicroservicesPOC.Shared.Common.csproj", "{D54D38DF-8094-4334-B4E6-81DA897EDDEF}"
EndProject
Project("{9A19103F-16F7-4668-BE54-9A1E7A4F7556}") = "MicroservicesPOC.Shared.API", "Shared\MicroservicesPOC.Shared.API\MicroservicesPOC.Shared.API.csproj", "{404876C4-CB44-4C9D-830E-C90053795C52}"
EndProject
Project("{9A19103F-16F7-4668-BE54-9A1E7A4F7556}") = "MicroservicesPOC.Shared.Messaging", "Shared\MicroservicesPOC.Shared.Messaging\MicroservicesPOC.Shared.Messaging.csproj", "{7B2D3260-6292-4F2E-865F-167C4B965C9D}"
EndProject
Project("{E53339B2-1760-4266-BCC7-CA923CBCF16C}") = "docker-compose", "docker-compose.dcproj", "{4740694E-CCFF-4E44-AB09-9CCCC0BF02E8}"
EndProject
Global
	GlobalSection(SolutionConfigurationPlatforms) = preSolution
		Debug|Any CPU = Debug|Any CPU
		Release|Any CPU = Release|Any CPU
	EndGlobalSection
	GlobalSection(ProjectConfigurationPlatforms) = postSolution
		{0A8F1FCC-763D-47AC-8B50-DE9B6A9119D2}.Debug|Any CPU.ActiveCfg = Debug|Any CPU
		{0A8F1FCC-763D-47AC-8B50-DE9B6A9119D2}.Debug|Any CPU.Build.0 = Debug|Any CPU
		{0A8F1FCC-763D-47AC-8B50-DE9B6A9119D2}.Release|Any CPU.ActiveCfg = Release|Any CPU
		{0A8F1FCC-763D-47AC-8B50-DE9B6A9119D2}.Release|Any CPU.Build.0 = Release|Any CPU
		{90B5D4E5-22EC-4942-ACC3-60A423F2A7D2}.Debug|Any CPU.ActiveCfg = Debug|Any CPU
		{90B5D4E5-22EC-4942-ACC3-60A423F2A7D2}.Debug|Any CPU.Build.0 = Debug|Any CPU
		{90B5D4E5-22EC-4942-ACC3-60A423F2A7D2}.Release|Any CPU.ActiveCfg = Release|Any CPU
		{90B5D4E5-22EC-4942-ACC3-60A423F2A7D2}.Release|Any CPU.Build.0 = Release|Any CPU
		{5D2A3C41-BACC-47E2-9F00-6F734BD303BC}.Debug|Any CPU.ActiveCfg = Debug|Any CPU
		{5D2A3C41-BACC-47E2-9F00-6F734BD303BC}.Debug|Any CPU.Build.0 = Debug|Any CPU
		{5D2A3C41-BACC-47E2-9F00-6F734BD303BC}.Release|Any CPU.ActiveCfg = Release|Any CPU
		{5D2A3C41-BACC-47E2-9F00-6F734BD303BC}.Release|Any CPU.Build.0 = Release|Any CPU
		{A8478DBD-8602-4112-8E20-CFDCB798D65F}.Debug|Any CPU.ActiveCfg = Debug|Any CPU
		{A8478DBD-8602-4112-8E20-CFDCB798D65F}.Debug|Any CPU.Build.0 = Debug|Any CPU
		{A8478DBD-8602-4112-8E20-CFDCB798D65F}.Release|Any CPU.ActiveCfg = Release|Any CPU
		{A8478DBD-8602-4112-8E20-CFDCB798D65F}.Release|Any CPU.Build.0 = Release|Any CPU
		{4A52B8B5-7C1F-408C-8197-9E822D7733CB}.Debug|Any CPU.ActiveCfg = Debug|Any CPU
		{4A52B8B5-7C1F-408C-8197-9E822D7733CB}.Debug|Any CPU.Build.0 = Debug|Any CPU
		{4A52B8B5-7C1F-408C-8197-9E822D7733CB}.Release|Any CPU.ActiveCfg = Release|Any CPU
		{4A52B8B5-7C1F-408C-8197-9E822D7733CB}.Release|Any CPU.Build.0 = Release|Any CPU
		{95734FD5-A188-4284-9DEF-F705EB2E2C6E}.Debug|Any CPU.ActiveCfg = Debug|Any CPU
		{95734FD5-A188-4284-9DEF-F705EB2E2C6E}.Debug|Any CPU.Build.0 = Debug|Any CPU
		{95734FD5-A188-4284-9DEF-F705EB2E2C6E}.Release|Any CPU.ActiveCfg = Release|Any CPU
		{95734FD5-A188-4284-9DEF-F705EB2E2C6E}.Release|Any CPU.Build.0 = Release|Any CPU
		{0F57C69B-3143-4C16-BD7E-CEBC91B14E70}.Debug|Any CPU.ActiveCfg = Debug|Any CPU
		{0F57C69B-3143-4C16-BD7E-CEBC91B14E70}.Debug|Any CPU.Build.0 = Debug|Any CPU
		{0F57C69B-3143-4C16-BD7E-CEBC91B14E70}.Release|Any CPU.ActiveCfg = Release|Any CPU
		{0F57C69B-3143-4C16-BD7E-CEBC91B14E70}.Release|Any CPU.Build.0 = Release|Any CPU
		{90BC62F2-4BD1-43A0-8704-F281AD73F669}.Debug|Any CPU.ActiveCfg = Debug|Any CPU
		{90BC62F2-4BD1-43A0-8704-F281AD73F669}.Debug|Any CPU.Build.0 = Debug|Any CPU
		{90BC62F2-4BD1-43A0-8704-F281AD73F669}.Release|Any CPU.ActiveCfg = Release|Any CPU
		{90BC62F2-4BD1-43A0-8704-F281AD73F669}.Release|Any CPU.Build.0 = Release|Any CPU
		{9489B129-6A36-49BB-86F5-E33432D366B1}.Debug|Any CPU.ActiveCfg = Debug|Any CPU
		{9489B129-6A36-49BB-86F5-E33432D366B1}.Debug|Any CPU.Build.0 = Debug|Any CPU
		{9489B129-6A36-49BB-86F5-E33432D366B1}.Release|Any CPU.ActiveCfg = Release|Any CPU
		{9489B129-6A36-49BB-86F5-E33432D366B1}.Release|Any CPU.Build.0 = Release|Any CPU
		{89F49FFF-1CC5-404D-9D0B-6721D4F427C4}.Debug|Any CPU.ActiveCfg = Debug|Any CPU
		{89F49FFF-1CC5-404D-9D0B-6721D4F427C4}.Debug|Any CPU.Build.0 = Debug|Any CPU
		{89F49FFF-1CC5-404D-9D0B-6721D4F427C4}.Release|Any CPU.ActiveCfg = Release|Any CPU
		{89F49FFF-1CC5-404D-9D0B-6721D4F427C4}.Release|Any CPU.Build.0 = Release|Any CPU
		{007FC07E-7E2F-42A6-9263-27C95435FBAF}.Debug|Any CPU.ActiveCfg = Debug|Any CPU
		{007FC07E-7E2F-42A6-9263-27C95435FBAF}.Debug|Any CPU.Build.0 = Debug|Any CPU
		{007FC07E-7E2F-42A6-9263-27C95435FBAF}.Release|Any CPU.ActiveCfg = Release|Any CPU
		{007FC07E-7E2F-42A6-9263-27C95435FBAF}.Release|Any CPU.Build.0 = Release|Any CPU
		{96EC6471-132F-48F2-AB79-B3ED1209F19F}.Debug|Any CPU.ActiveCfg = Debug|Any CPU
		{96EC6471-132F-48F2-AB79-B3ED1209F19F}.Debug|Any CPU.Build.0 = Debug|Any CPU
		{96EC6471-132F-48F2-AB79-B3ED1209F19F}.Release|Any CPU.ActiveCfg = Release|Any CPU
		{96EC6471-132F-48F2-AB79-B3ED1209F19F}.Release|Any CPU.Build.0 = Release|Any CPU
		{26111950-D461-4FCF-A0C5-D3C877CC863B}.Debug|Any CPU.ActiveCfg = Debug|Any CPU
		{26111950-D461-4FCF-A0C5-D3C877CC863B}.Debug|Any CPU.Build.0 = Debug|Any CPU
		{26111950-D461-4FCF-A0C5-D3C877CC863B}.Release|Any CPU.ActiveCfg = Release|Any CPU
		{26111950-D461-4FCF-A0C5-D3C877CC863B}.Release|Any CPU.Build.0 = Release|Any CPU
		{DFDC267B-46CC-4C7E-AC53-BD4D2C25BC59}.Debug|Any CPU.ActiveCfg = Debug|Any CPU
		{DFDC267B-46CC-4C7E-AC53-BD4D2C25BC59}.Debug|Any CPU.Build.0 = Debug|Any CPU
		{DFDC267B-46CC-4C7E-AC53-BD4D2C25BC59}.Release|Any CPU.ActiveCfg = Release|Any CPU
		{DFDC267B-46CC-4C7E-AC53-BD4D2C25BC59}.Release|Any CPU.Build.0 = Release|Any CPU
		{2A23ED5F-7E9F-4A15-959D-025DE61BFC8D}.Debug|Any CPU.ActiveCfg = Debug|Any CPU
		{2A23ED5F-7E9F-4A15-959D-025DE61BFC8D}.Debug|Any CPU.Build.0 = Debug|Any CPU
		{2A23ED5F-7E9F-4A15-959D-025DE61BFC8D}.Release|Any CPU.ActiveCfg = Release|Any CPU
		{2A23ED5F-7E9F-4A15-959D-025DE61BFC8D}.Release|Any CPU.Build.0 = Release|Any CPU
		{676E683F-F96B-4C57-AE1C-B301E6E80475}.Debug|Any CPU.ActiveCfg = Debug|Any CPU
		{676E683F-F96B-4C57-AE1C-B301E6E80475}.Debug|Any CPU.Build.0 = Debug|Any CPU
		{676E683F-F96B-4C57-AE1C-B301E6E80475}.Release|Any CPU.ActiveCfg = Release|Any CPU
		{676E683F-F96B-4C57-AE1C-B301E6E80475}.Release|Any CPU.Build.0 = Release|Any CPU
		{7942CC59-2D6E-4BC9-8549-96AA0920B227}.Debug|Any CPU.ActiveCfg = Debug|Any CPU
		{7942CC59-2D6E-4BC9-8549-96AA0920B227}.Debug|Any CPU.Build.0 = Debug|Any CPU
		{7942CC59-2D6E-4BC9-8549-96AA0920B227}.Release|Any CPU.ActiveCfg = Release|Any CPU
		{7942CC59-2D6E-4BC9-8549-96AA0920B227}.Release|Any CPU.Build.0 = Release|Any CPU
		{3047206D-C4D3-4C31-BFF6-DDA067B44E98}.Debug|Any CPU.ActiveCfg = Debug|Any CPU
		{3047206D-C4D3-4C31-BFF6-DDA067B44E98}.Debug|Any CPU.Build.0 = Debug|Any CPU
		{3047206D-C4D3-4C31-BFF6-DDA067B44E98}.Release|Any CPU.ActiveCfg = Release|Any CPU
		{3047206D-C4D3-4C31-BFF6-DDA067B44E98}.Release|Any CPU.Build.0 = Release|Any CPU
		{FC55822B-633A-4AF7-963E-D6A246FD2CBA}.Debug|Any CPU.ActiveCfg = Debug|Any CPU
		{FC55822B-633A-4AF7-963E-D6A246FD2CBA}.Debug|Any CPU.Build.0 = Debug|Any CPU
		{FC55822B-633A-4AF7-963E-D6A246FD2CBA}.Release|Any CPU.ActiveCfg = Release|Any CPU
		{FC55822B-633A-4AF7-963E-D6A246FD2CBA}.Release|Any CPU.Build.0 = Release|Any CPU
		{8C350DC2-E395-4E84-83C5-FB72F2FE2259}.Debug|Any CPU.ActiveCfg = Debug|Any CPU
		{8C350DC2-E395-4E84-83C5-FB72F2FE2259}.Debug|Any CPU.Build.0 = Debug|Any CPU
		{8C350DC2-E395-4E84-83C5-FB72F2FE2259}.Release|Any CPU.ActiveCfg = Release|Any CPU
		{8C350DC2-E395-4E84-83C5-FB72F2FE2259}.Release|Any CPU.Build.0 = Release|Any CPU
		{96B97465-DC3B-4CFC-ADD2-23C3831491B7}.Debug|Any CPU.ActiveCfg = Debug|Any CPU
		{96B97465-DC3B-4CFC-ADD2-23C3831491B7}.Debug|Any CPU.Build.0 = Debug|Any CPU
		{96B97465-DC3B-4CFC-ADD2-23C3831491B7}.Release|Any CPU.ActiveCfg = Release|Any CPU
		{96B97465-DC3B-4CFC-ADD2-23C3831491B7}.Release|Any CPU.Build.0 = Release|Any CPU
		{7AE748BC-06CD-417F-8D24-9AC4C608AE51}.Debug|Any CPU.ActiveCfg = Debug|Any CPU
		{7AE748BC-06CD-417F-8D24-9AC4C608AE51}.Debug|Any CPU.Build.0 = Debug|Any CPU
		{7AE748BC-06CD-417F-8D24-9AC4C608AE51}.Release|Any CPU.ActiveCfg = Release|Any CPU
		{7AE748BC-06CD-417F-8D24-9AC4C608AE51}.Release|Any CPU.Build.0 = Release|Any CPU
		{C88B981E-DCD0-466C-8A7C-3B557902E6D9}.Debug|Any CPU.ActiveCfg = Debug|Any CPU
		{C88B981E-DCD0-466C-8A7C-3B557902E6D9}.Debug|Any CPU.Build.0 = Debug|Any CPU
		{C88B981E-DCD0-466C-8A7C-3B557902E6D9}.Release|Any CPU.ActiveCfg = Release|Any CPU
		{C88B981E-DCD0-466C-8A7C-3B557902E6D9}.Release|Any CPU.Build.0 = Release|Any CPU
		{D54D38DF-8094-4334-B4E6-81DA897EDDEF}.Debug|Any CPU.ActiveCfg = Debug|Any CPU
		{D54D38DF-8094-4334-B4E6-81DA897EDDEF}.Debug|Any CPU.Build.0 = Debug|Any CPU
		{D54D38DF-8094-4334-B4E6-81DA897EDDEF}.Release|Any CPU.ActiveCfg = Release|Any CPU
		{D54D38DF-8094-4334-B4E6-81DA897EDDEF}.Release|Any CPU.Build.0 = Release|Any CPU
		{404876C4-CB44-4C9D-830E-C90053795C52}.Debug|Any CPU.ActiveCfg = Debug|Any CPU
		{404876C4-CB44-4C9D-830E-C90053795C52}.Debug|Any CPU.Build.0 = Debug|Any CPU
		{404876C4-CB44-4C9D-830E-C90053795C52}.Release|Any CPU.ActiveCfg = Release|Any CPU
		{404876C4-CB44-4C9D-830E-C90053795C52}.Release|Any CPU.Build.0 = Release|Any CPU
		{7B2D3260-6292-4F2E-865F-167C4B965C9D}.Debug|Any CPU.ActiveCfg = Debug|Any CPU
		{7B2D3260-6292-4F2E-865F-167C4B965C9D}.Debug|Any CPU.Build.0 = Debug|Any CPU
		{7B2D3260-6292-4F2E-865F-167C4B965C9D}.Release|Any CPU.ActiveCfg = Release|Any CPU
		{7B2D3260-6292-4F2E-865F-167C4B965C9D}.Release|Any CPU.Build.0 = Release|Any CPU
		{4740694E-CCFF-4E44-AB09-9CCCC0BF02E8}.Debug|Any CPU.ActiveCfg = Debug|Any CPU
		{4740694E-CCFF-4E44-AB09-9CCCC0BF02E8}.Debug|Any CPU.Build.0 = Debug|Any CPU
		{4740694E-CCFF-4E44-AB09-9CCCC0BF02E8}.Release|Any CPU.ActiveCfg = Release|Any CPU
		{4740694E-CCFF-4E44-AB09-9CCCC0BF02E8}.Release|Any CPU.Build.0 = Release|Any CPU
	EndGlobalSection
	GlobalSection(SolutionProperties) = preSolution
		HideSolutionNode = FALSE
	EndGlobalSection
	GlobalSection(NestedProjects) = preSolution
		{3DF0F6A2-B8E5-4721-8F7C-914C74CB3B97} = {AE113A01-0D14-49D7-B017-A7632A8BA5A1}
		{78B56B2B-0B05-414F-B8C7-7025B3B33EA0} = {AE113A01-0D14-49D7-B017-A7632A8BA5A1}
		{E9DF6DE8-8377-4AB6-BDA8-26C8106B2F45} = {AE113A01-0D14-49D7-B017-A7632A8BA5A1}
		{E962FB73-F79A-4E18-A636-BCCBD3617B80} = {AE113A01-0D14-49D7-B017-A7632A8BA5A1}
		{F5BBBB4B-009B-4634-993F-08616B76E667} = {AE113A01-0D14-49D7-B017-A7632A8BA5A1}
		{754F809D-580C-42B1-90DE-46FDDEC9545C} = {AE113A01-0D14-49D7-B017-A7632A8BA5A1}
		{576E45F4-4D7A-4B1E-AB63-8F5BA3D03848} = {AE113A01-0D14-49D7-B017-A7632A8BA5A1}
		{2A28FD3A-0D15-4436-8A60-2FBF315C415E} = {AE113A01-0D14-49D7-B017-A7632A8BA5A1}
		{080E0494-F82B-45A8-B9FD-E895AADAD9C1} = {AE113A01-0D14-49D7-B017-A7632A8BA5A1}
		{0A8F1FCC-763D-47AC-8B50-DE9B6A9119D2} = {78B56B2B-0B05-414F-B8C7-7025B3B33EA0}
		{90B5D4E5-22EC-4942-ACC3-60A423F2A7D2} = {78B56B2B-0B05-414F-B8C7-7025B3B33EA0}
		{5D2A3C41-BACC-47E2-9F00-6F734BD303BC} = {78B56B2B-0B05-414F-B8C7-7025B3B33EA0}
		{A8478DBD-8602-4112-8E20-CFDCB798D65F} = {78B56B2B-0B05-414F-B8C7-7025B3B33EA0}
		{4A52B8B5-7C1F-408C-8197-9E822D7733CB} = {754F809D-580C-42B1-90DE-46FDDEC9545C}
		{95734FD5-A188-4284-9DEF-F705EB2E2C6E} = {754F809D-580C-42B1-90DE-46FDDEC9545C}
		{0F57C69B-3143-4C16-BD7E-CEBC91B14E70} = {754F809D-580C-42B1-90DE-46FDDEC9545C}
		{90BC62F2-4BD1-43A0-8704-F281AD73F669} = {754F809D-580C-42B1-90DE-46FDDEC9545C}
		{9489B129-6A36-49BB-86F5-E33432D366B1} = {F5BBBB4B-009B-4634-993F-08616B76E667}
		{89F49FFF-1CC5-404D-9D0B-6721D4F427C4} = {F5BBBB4B-009B-4634-993F-08616B76E667}
		{007FC07E-7E2F-42A6-9263-27C95435FBAF} = {F5BBBB4B-009B-4634-993F-08616B76E667}
		{96EC6471-132F-48F2-AB79-B3ED1209F19F} = {F5BBBB4B-009B-4634-993F-08616B76E667}
		{26111950-D461-4FCF-A0C5-D3C877CC863B} = {E962FB73-F79A-4E18-A636-BCCBD3617B80}
		{DFDC267B-46CC-4C7E-AC53-BD4D2C25BC59} = {E962FB73-F79A-4E18-A636-BCCBD3617B80}
		{2A23ED5F-7E9F-4A15-959D-025DE61BFC8D} = {E962FB73-F79A-4E18-A636-BCCBD3617B80}
		{676E683F-F96B-4C57-AE1C-B301E6E80475} = {E962FB73-F79A-4E18-A636-BCCBD3617B80}
		{7942CC59-2D6E-4BC9-8549-96AA0920B227} = {E9DF6DE8-8377-4AB6-BDA8-26C8106B2F45}
		{3047206D-C4D3-4C31-BFF6-DDA067B44E98} = {E9DF6DE8-8377-4AB6-BDA8-26C8106B2F45}
		{FC55822B-633A-4AF7-963E-D6A246FD2CBA} = {E9DF6DE8-8377-4AB6-BDA8-26C8106B2F45}
		{8C350DC2-E395-4E84-83C5-FB72F2FE2259} = {E9DF6DE8-8377-4AB6-BDA8-26C8106B2F45}
		{96B97465-DC3B-4CFC-ADD2-23C3831491B7} = {080E0494-F82B-45A8-B9FD-E895AADAD9C1}
		{7AE748BC-06CD-417F-8D24-9AC4C608AE51} = {2A28FD3A-0D15-4436-8A60-2FBF315C415E}
		{C00C103E-F8B1-44D3-B72F-5F1EC337AB7B} = {AE113A01-0D14-49D7-B017-A7632A8BA5A1}
		{C88B981E-DCD0-466C-8A7C-3B557902E6D9} = {C00C103E-F8B1-44D3-B72F-5F1EC337AB7B}
		{D54D38DF-8094-4334-B4E6-81DA897EDDEF} = {C00C103E-F8B1-44D3-B72F-5F1EC337AB7B}
		{404876C4-CB44-4C9D-830E-C90053795C52} = {C00C103E-F8B1-44D3-B72F-5F1EC337AB7B}
		{7B2D3260-6292-4F2E-865F-167C4B965C9D} = {C00C103E-F8B1-44D3-B72F-5F1EC337AB7B}
	EndGlobalSection
	GlobalSection(ExtensibilityGlobals) = postSolution
		SolutionGuid = {1CB7A19E-22D1-4504-A789-FD59700061AB}
	EndGlobalSection
EndGlobal
